
Microsoft Visual Studio Solution File, Format Version 12.00
# Visual Studio Version 16
VisualStudioVersion = 16.0.29519.87
MinimumVisualStudioVersion = 10.0.40219.1
Project("{9A19103F-16F7-4668-BE54-9A1E7A4F7556}") = "Nightingale.Core", "Nightingale.Core\Nightingale.Core.csproj", "{19A4229A-E3C0-4E8E-AC17-C7209B4FAD15}"
EndProject
Project("{9A19103F-16F7-4668-BE54-9A1E7A4F7556}") = "Nightingale.Data", "Nightingale.Data\Nightingale.Data.csproj", "{01512EC6-BB7D-42FC-B4C3-0B9AF6375D8D}"
EndProject
Project("{9A19103F-16F7-4668-BE54-9A1E7A4F7556}") = "Nightingale.Converters", "Nightingale.Converters\Nightingale.Converters.csproj", "{8B230AFD-02F2-4115-8B3E-284C86214738}"
EndProject
Project("{9A19103F-16F7-4668-BE54-9A1E7A4F7556}") = "Nightingale.Test", "Nightingale.Test\Nightingale.Test.csproj", "{748E01BC-D7C5-40CD-AF09-CFA520E24898}"
EndProject
Project("{FAE04EC0-301F-11D3-BF4B-00C04F79EFBC}") = "Nightingale.CodeGen", "Nightingale.CodeGen\Nightingale.CodeGen.csproj", "{533E6E49-7173-42DD-95A5-654D064509EC}"
EndProject
Global
	GlobalSection(SolutionConfigurationPlatforms) = preSolution
		Debug|Any CPU = Debug|Any CPU
		Release|Any CPU = Release|Any CPU
	EndGlobalSection
	GlobalSection(ProjectConfigurationPlatforms) = postSolution
		{19A4229A-E3C0-4E8E-AC17-C7209B4FAD15}.Debug|Any CPU.ActiveCfg = Debug|Any CPU
		{19A4229A-E3C0-4E8E-AC17-C7209B4FAD15}.Debug|Any CPU.Build.0 = Debug|Any CPU
		{19A4229A-E3C0-4E8E-AC17-C7209B4FAD15}.Release|Any CPU.ActiveCfg = Release|Any CPU
		{19A4229A-E3C0-4E8E-AC17-C7209B4FAD15}.Release|Any CPU.Build.0 = Release|Any CPU
		{01512EC6-BB7D-42FC-B4C3-0B9AF6375D8D}.Debug|Any CPU.ActiveCfg = Debug|Any CPU
		{01512EC6-BB7D-42FC-B4C3-0B9AF6375D8D}.Debug|Any CPU.Build.0 = Debug|Any CPU
		{01512EC6-BB7D-42FC-B4C3-0B9AF6375D8D}.Release|Any CPU.ActiveCfg = Release|Any CPU
		{01512EC6-BB7D-42FC-B4C3-0B9AF6375D8D}.Release|Any CPU.Build.0 = Release|Any CPU
		{8B230AFD-02F2-4115-8B3E-284C86214738}.Debug|Any CPU.ActiveCfg = Debug|Any CPU
		{8B230AFD-02F2-4115-8B3E-284C86214738}.Debug|Any CPU.Build.0 = Debug|Any CPU
		{8B230AFD-02F2-4115-8B3E-284C86214738}.Release|Any CPU.ActiveCfg = Release|Any CPU
		{8B230AFD-02F2-4115-8B3E-284C86214738}.Release|Any CPU.Build.0 = Release|Any CPU
		{748E01BC-D7C5-40CD-AF09-CFA520E24898}.Debug|Any CPU.ActiveCfg = Debug|Any CPU
		{748E01BC-D7C5-40CD-AF09-CFA520E24898}.Debug|Any CPU.Build.0 = Debug|Any CPU
		{748E01BC-D7C5-40CD-AF09-CFA520E24898}.Release|Any CPU.ActiveCfg = Release|Any CPU
		{748E01BC-D7C5-40CD-AF09-CFA520E24898}.Release|Any CPU.Build.0 = Release|Any CPU
		{533E6E49-7173-42DD-95A5-654D064509EC}.Debug|Any CPU.ActiveCfg = Debug|Any CPU
		{533E6E49-7173-42DD-95A5-654D064509EC}.Debug|Any CPU.Build.0 = Debug|Any CPU
		{533E6E49-7173-42DD-95A5-654D064509EC}.Release|Any CPU.ActiveCfg = Release|Any CPU
		{533E6E49-7173-42DD-95A5-654D064509EC}.Release|Any CPU.Build.0 = Release|Any CPU
	EndGlobalSection
	GlobalSection(SolutionProperties) = preSolution
		HideSolutionNode = FALSE
	EndGlobalSection
	GlobalSection(ExtensibilityGlobals) = postSolution
		SolutionGuid = {471B62CB-BAE4-4009-A74A-D6537DF31AF7}
	EndGlobalSection
EndGlobal
